<?xml version="1.0" encoding="utf-8"?>
<Project ToolsVersion="4.0" xmlns="http://schemas.microsoft.com/developer/msbuild/2003">
  <ItemGroup>
    <Filter Include="Source Files">
      <UniqueIdentifier>{4FC737F1-C7A5-4376-A066-2A32D752A2FF}</UniqueIdentifier>
      <Extensions>cpp;c;cc;cxx;def;odl;idl;hpj;bat;asm;asmx</Extensions>
    </Filter>
    <Filter Include="Header Files">
      <UniqueIdentifier>{93995380-89BD-4b04-88EB-625FBE52EBFB}</UniqueIdentifier>
      <Extensions>h;hh;hpp;hxx;hm;inl;inc;xsd</Extensions>
    </Filter>
    <Filter Include="Resource Files">
      <UniqueIdentifier>{67DA6AB6-F800-4c08-8B7A-83BB121AAD01}</UniqueIdentifier>
      <Extensions>rc;ico;cur;bmp;dlg;rc2;rct;bin;rgs;gif;jpg;jpeg;jpe;resx;tiff;tif;png;wav</Extensions>
    </Filter>
  </ItemGroup>
  <ItemGroup>
    <ClCompile Include="src\base\abase.cc">
      <Filter>Source Files</Filter>
    </ClCompile>
    <ClCompile Include="src\base\hbase.cc">
      <Filter>Source Files</Filter>
    </ClCompile>
    <ClCompile Include="src\base\ibase.cc">
      <Filter>Source Files</Filter>
    </ClCompile>
    <ClCompile Include="src\base\vbase.cc">
      <Filter>Source Files</Filter>
    </ClCompile>
    <ClCompile Include="src\game\game.cc">
      <Filter>Source Files</Filter>
    </ClCompile>
    <ClCompile Include="src\game\object.cc">
      <Filter>Source Files</Filter>
    </ClCompile>
    <ClCompile Include="src\game\objects.cc">
      <Filter>Source Files</Filter>
    </ClCompile>
    <ClCompile Include="src\game\player.cc">
      <Filter>Source Files</Filter>
    </ClCompile>
    <ClCompile Include="src\game\sections.cc">
      <Filter>Source Files</Filter>
    </ClCompile>
    <ClCompile Include="src\game\stage.cc">
      <Filter>Source Files</Filter>
    </ClCompile>
    <ClCompile Include="src\game\world.cc">
      <Filter>Source Files</Filter>
    </ClCompile>
    <ClCompile Include="src\main\assets.cc">
      <Filter>Source Files</Filter>
    </ClCompile>
    <ClCompile Include="src\main\audio.cc">
      <Filter>Source Files</Filter>
    </ClCompile>
    <ClCompile Include="src\main\buttons.cc">
      <Filter>Source Files</Filter>
    </ClCompile>
    <ClCompile Include="src\main\collide.cc">
      <Filter>Source Files</Filter>
    </ClCompile>
    <ClCompile Include="src\main\config.cc">
      <Filter>Source Files</Filter>
    </ClCompile>
    <ClCompile Include="src\main\file.cc">
      <Filter>Source Files</Filter>
    </ClCompile>
    <ClCompile Include="src\main\hiemalia.cc">
      <Filter>Source Files</Filter>
    </ClCompile>
    <ClCompile Include="src\main\input.cc">
      <Filter>Source Files</Filter>
    </ClCompile>
    <ClCompile Include="src\main\logger.cc">
      <Filter>Source Files</Filter>
    </ClCompile>
    <ClCompile Include="src\main\logic.cc">
      <Filter>Source Files</Filter>
    </ClCompile>
    <ClCompile Include="src\main\mholder.cc">
      <Filter>Source Files</Filter>
    </ClCompile>
    <ClCompile Include="src\main\video.cc">
      <Filter>Source Files</Filter>
    </ClCompile>
    <ClCompile Include="src\menu\menu.cc">
      <Filter>Source Files</Filter>
    </ClCompile>
    <ClCompile Include="src\menu\menuaud.cc">
      <Filter>Source Files</Filter>
    </ClCompile>
    <ClCompile Include="src\menu\menuinp.cc">
      <Filter>Source Files</Filter>
    </ClCompile>
    <ClCompile Include="src\menu\menuinpb.cc">
      <Filter>Source Files</Filter>
    </ClCompile>
    <ClCompile Include="src\menu\menumain.cc">
      <Filter>Source Files</Filter>
    </ClCompile>
    <ClCompile Include="src\menu\menuopt.cc">
      <Filter>Source Files</Filter>
    </ClCompile>
    <ClCompile Include="src\menu\menupaus.cc">
      <Filter>Source Files</Filter>
    </ClCompile>
    <ClCompile Include="src\render\load2d.cc">
      <Filter>Source Files</Filter>
    </ClCompile>
    <ClCompile Include="src\render\load3d.cc">
      <Filter>Source Files</Filter>
    </ClCompile>
    <ClCompile Include="src\render\rend2d.cc">
      <Filter>Source Files</Filter>
    </ClCompile>
    <ClCompile Include="src\render\rend3d.cc">
      <Filter>Source Files</Filter>
    </ClCompile>
    <ClCompile Include="src\render\rendtext.cc">
      <Filter>Source Files</Filter>
    </ClCompile>
    <ClCompile Include="src\base\sdl2\hbasei.cc">
      <Filter>Source Files</Filter>
    </ClCompile>
    <ClCompile Include="src\base\sdl2\abasei.cc">
      <Filter>Source Files</Filter>
    </ClCompile>
    <ClCompile Include="src\base\sdl2\ibasei.cc">
      <Filter>Source Files</Filter>
    </ClCompile>
    <ClCompile Include="src\base\sdl2\vbasei.cc">
      <Filter>Source Files</Filter>
    </ClCompile>
    <ClCompile Include="src\game\explode.cc">
      <Filter>Source Files</Filter>
    </ClCompile>
    <ClCompile Include="src\game\box.cc">
      <Filter>Source Files</Filter>
    </ClCompile>
    <ClCompile Include="src\game\enemy.cc">
      <Filter>Source Files</Filter>
    </ClCompile>
    <ClCompile Include="src\game\bullet.cc">
      <Filter>Source Files</Filter>
    </ClCompile>
    <ClCompile Include="src\game\pbullet.cc">
      <Filter>Source Files</Filter>
    </ClCompile>
    <ClCompile Include="src\game\script.cc">
      <Filter>Source Files</Filter>
    </ClCompile>
    <ClCompile Include="src\game\checkpnt.cc">
      <Filter>Source Files</Filter>
    </ClCompile>
    <ClCompile Include="src\game\stageend.cc">
      <Filter>Source Files</Filter>
    </ClCompile>
    <ClCompile Include="src\main\scores.cc">
      <Filter>Source Files</Filter>
    </ClCompile>
    <ClCompile Include="src\game\enemy\shard.cc">
      <Filter>Source Files</Filter>
    </ClCompile>
    <ClCompile Include="src\game\setspeed.cc">
      <Filter>Source Files</Filter>
    </ClCompile>
    <ClCompile Include="src\game\enemy\gunboat.cc">
      <Filter>Source Files</Filter>
    </ClCompile>
    <ClCompile Include="src\main\random.cc">
      <Filter>Source Files</Filter>
    </ClCompile>
    <ClCompile Include="src\game\ebullet.cc">
      <Filter>Source Files</Filter>
    </ClCompile>
    <ClCompile Include="src\game\diffic.cc">
      <Filter>Source Files</Filter>
    </ClCompile>
    <ClCompile Include="src\game\obstacle.cc">
      <Filter>Source Files</Filter>
    </ClCompile>
    <ClCompile Include="src\game\enemy\volcano.cc">
      <Filter>Source Files</Filter>
    </ClCompile>
    <ClCompile Include="src\game\enemy\chevron.cc">
      <Filter>Source Files</Filter>
    </ClCompile>
    <ClCompile Include="src\game\enemy\wave.cc">
      <Filter>Source Files</Filter>
    </ClCompile>
    <ClCompile Include="src\game\enemy\turret.cc">
      <Filter>Source Files</Filter>
    </ClCompile>
    <ClCompile Include="src\game\sbox.cc">
      <Filter>Source Files</Filter>
    </ClCompile>
    <ClCompile Include="src\menu\menuhigh.cc">
      <Filter>Source Files</Filter>
    </ClCompile>
    <ClCompile Include="src\game\enemy\fighter.cc">
      <Filter>Source Files</Filter>
    </ClCompile>
    <ClCompile Include="src\game\enemy\boss0.cc">
      <Filter>Source Files</Filter>
    </ClCompile>
    <ClCompile Include="src\game\enemy\boss1.cc">
      <Filter>Source Files</Filter>
    </ClCompile>
    <ClCompile Include="src\menu\menuyn.cc">
      <Filter>Source Files</Filter>
    </ClCompile>
    <ClCompile Include="src\game\nameentr.cc">
      <Filter>Source Files</Filter>
    </ClCompile>
    <ClCompile Include="src\menu\menuvid.cc">
      <Filter>Source Files</Filter>
    </ClCompile>
    <ClCompile Include="src\menu\menugame.cc">
      <Filter>Source Files</Filter>
    </ClCompile>
    <ClCompile Include="src\main\gconfig.cc">
      <Filter>Source Files</Filter>
    </ClCompile>
    <ClCompile Include="src\menu\menuhelp.cc">
      <Filter>Source Files</Filter>
    </ClCompile>
    <ClCompile Include="src\game\enemy\gunboat2.cc">
      <Filter>Source Files</Filter>
    </ClCompile>
    <ClCompile Include="src\game\enemy\walker.cc">
      <Filter>Source Files</Filter>
    </ClCompile>
    <ClCompile Include="src\game\enemy\spider.cc">
      <Filter>Source Files</Filter>
    </ClCompile>
    <ClCompile Include="src\game\mbox.cc">
      <Filter>Source Files</Filter>
    </ClCompile>
    <ClCompile Include="src\game\enemy\wasp.cc">
      <Filter>Source Files</Filter>
    </ClCompile>
    <ClCompile Include="src\game\enemy\boss2.cc">
      <Filter>Source Files</Filter>
    </ClCompile>
    <ClCompile Include="src\game\enemy\boss3.cc">
      <Filter>Source Files</Filter>
    </ClCompile>
    <ClCompile Include="src\game\enemy\rammer.cc">
      <Filter>Source Files</Filter>
    </ClCompile>
    <ClCompile Include="src\game\emissile.cc">
      <Filter>Source Files</Filter>
    </ClCompile>
    <ClCompile Include="src\game\enemy\destroyer.cc">
      <Filter>Source Files</Filter>
    </ClCompile>
    <ClCompile Include="src\game\enemy\orbiter.cc">
      <Filter>Source Files</Filter>
    </ClCompile>
    <ClCompile Include="src\game\enemy\bouncer.cc">
      <Filter>Source Files</Filter>
    </ClCompile>
    <ClCompile Include="src\game\enemy\wturret.cc">
      <Filter>Source Files</Filter>
    </ClCompile>
    <ClCompile Include="src\game\enemy\sturret.cc">
      <Filter>Source Files</Filter>
    </ClCompile>
    <ClCompile Include="src\game\enemy\launcher.cc">
      <Filter>Source Files</Filter>
    </ClCompile>
    <ClCompile Include="src\game\enemy\pod.cc">
      <Filter>Source Files</Filter>
    </ClCompile>
    <ClCompile Include="src\game\enemy\pewpew.cc">
      <Filter>Source Files</Filter>
    </ClCompile>
    <ClCompile Include="src\game\enemy\blocker.cc">
      <Filter>Source Files</Filter>
    </ClCompile>
    <ClCompile Include="src\game\enemy\boss4.cc">
      <Filter>Source Files</Filter>
    </ClCompile>
    <ClCompile Include="src\game\enemy\boss5.cc">
      <Filter>Source Files</Filter>
    </ClCompile>
    <ClCompile Include="src\game\enemy\boss6.cc">
      <Filter>Source Files</Filter>
    </ClCompile>
    <ClCompile Include="src\game\enemy\boss7.cc">
      <Filter>Source Files</Filter>
    </ClCompile>
    <ClCompile Include="src\game\gameend.cc">
      <Filter>Source Files</Filter>
    </ClCompile>
  </ItemGroup>
  <ItemGroup>
    <ClInclude Include="includes\abase.hh">
      <Filter>Header Files</Filter>
    </ClInclude>
    <ClInclude Include="includes\array.hh">
      <Filter>Header Files</Filter>
    </ClInclude>
    <ClInclude Include="includes\assetmod.hh">
      <Filter>Header Files</Filter>
    </ClInclude>
    <ClInclude Include="includes\assets.hh">
      <Filter>Header Files</Filter>
    </ClInclude>
    <ClInclude Include="includes\audio.hh">
      <Filter>Header Files</Filter>
    </ClInclude>
    <ClInclude Include="includes\basemacr.hh">
      <Filter>Header Files</Filter>
    </ClInclude>
    <ClInclude Include="includes\buttons.hh">
      <Filter>Header Files</Filter>
    </ClInclude>
    <ClInclude Include="includes\cbuffer.hh">
      <Filter>Header Files</Filter>
    </ClInclude>
    <ClInclude Include="includes\collide.hh">
      <Filter>Header Files</Filter>
    </ClInclude>
    <ClInclude Include="includes\config.hh">
      <Filter>Header Files</Filter>
    </ClInclude>
    <ClInclude Include="includes\controls.hh">
      <Filter>Header Files</Filter>
    </ClInclude>
    <ClInclude Include="includes\debugger.hh">
      <Filter>Header Files</Filter>
    </ClInclude>
    <ClInclude Include="includes\defs.hh">
      <Filter>Header Files</Filter>
    </ClInclude>
    <ClInclude Include="includes\file.hh">
      <Filter>Header Files</Filter>
    </ClInclude>
    <ClInclude Include="includes\font.hh">
      <Filter>Header Files</Filter>
    </ClInclude>
    <ClInclude Include="includes\hbase.hh">
      <Filter>Header Files</Filter>
    </ClInclude>
    <ClInclude Include="includes\helpers.hh">
      <Filter>Header Files</Filter>
    </ClInclude>
    <ClInclude Include="includes\hiemalia.hh">
      <Filter>Header Files</Filter>
    </ClInclude>
    <ClInclude Include="includes\ibase.hh">
      <Filter>Header Files</Filter>
    </ClInclude>
    <ClInclude Include="includes\inherit.hh">
      <Filter>Header Files</Filter>
    </ClInclude>
    <ClInclude Include="includes\input.hh">
      <Filter>Header Files</Filter>
    </ClInclude>
    <ClInclude Include="includes\lmodule.hh">
      <Filter>Header Files</Filter>
    </ClInclude>
    <ClInclude Include="includes\load2d.hh">
      <Filter>Header Files</Filter>
    </ClInclude>
    <ClInclude Include="includes\load3d.hh">
      <Filter>Header Files</Filter>
    </ClInclude>
    <ClInclude Include="includes\logger.hh">
      <Filter>Header Files</Filter>
    </ClInclude>
    <ClInclude Include="includes\logic.hh">
      <Filter>Header Files</Filter>
    </ClInclude>
    <ClInclude Include="includes\logicmsg.hh">
      <Filter>Header Files</Filter>
    </ClInclude>
    <ClInclude Include="includes\lvector.hh">
      <Filter>Header Files</Filter>
    </ClInclude>
    <ClInclude Include="includes\math.hh">
      <Filter>Header Files</Filter>
    </ClInclude>
    <ClInclude Include="includes\menu.hh">
      <Filter>Header Files</Filter>
    </ClInclude>
    <ClInclude Include="includes\menu\menuaud.hh">
      <Filter>Header Files</Filter>
    </ClInclude>
    <ClInclude Include="includes\menu\menuinp.hh">
      <Filter>Header Files</Filter>
    </ClInclude>
    <ClInclude Include="includes\menu\menuinpb.hh">
      <Filter>Header Files</Filter>
    </ClInclude>
    <ClInclude Include="includes\menu\menumain.hh">
      <Filter>Header Files</Filter>
    </ClInclude>
    <ClInclude Include="includes\menu\menuopt.hh">
      <Filter>Header Files</Filter>
    </ClInclude>
    <ClInclude Include="includes\menu\menupaus.hh">
      <Filter>Header Files</Filter>
    </ClInclude>
    <ClInclude Include="includes\mholder.hh">
      <Filter>Header Files</Filter>
    </ClInclude>
    <ClInclude Include="includes\model.hh">
      <Filter>Header Files</Filter>
    </ClInclude>
    <ClInclude Include="includes\models.hh">
      <Filter>Header Files</Filter>
    </ClInclude>
    <ClInclude Include="includes\module.hh">
      <Filter>Header Files</Filter>
    </ClInclude>
    <ClInclude Include="includes\msg.hh">
      <Filter>Header Files</Filter>
    </ClInclude>
    <ClInclude Include="includes\namepair.hh">
      <Filter>Header Files</Filter>
    </ClInclude>
    <ClInclude Include="includes\rend2d.hh">
      <Filter>Header Files</Filter>
    </ClInclude>
    <ClInclude Include="includes\rend3d.hh">
      <Filter>Header Files</Filter>
    </ClInclude>
    <ClInclude Include="includes\rendtext.hh">
      <Filter>Header Files</Filter>
    </ClInclude>
    <ClInclude Include="includes\sbuf.hh">
      <Filter>Header Files</Filter>
    </ClInclude>
    <ClInclude Include="includes\shape.hh">
      <Filter>Header Files</Filter>
    </ClInclude>
    <ClInclude Include="includes\sounds.hh">
      <Filter>Header Files</Filter>
    </ClInclude>
    <ClInclude Include="includes\state.hh">
      <Filter>Header Files</Filter>
    </ClInclude>
    <ClInclude Include="includes\str.hh">
      <Filter>Header Files</Filter>
    </ClInclude>
    <ClInclude Include="includes\symbol.hh">
      <Filter>Header Files</Filter>
    </ClInclude>
    <ClInclude Include="includes\vbase.hh">
      <Filter>Header Files</Filter>
    </ClInclude>
    <ClInclude Include="includes\video.hh">
      <Filter>Header Files</Filter>
    </ClInclude>
    <ClInclude Include="includes\base\sdl2.hh">
      <Filter>Header Files</Filter>
    </ClInclude>
    <ClInclude Include="includes\base\sdl2\abasei.hh">
      <Filter>Header Files</Filter>
    </ClInclude>
    <ClInclude Include="includes\base\sdl2\hbasei.hh">
      <Filter>Header Files</Filter>
    </ClInclude>
    <ClInclude Include="includes\base\sdl2\ibasei.hh">
      <Filter>Header Files</Filter>
    </ClInclude>
    <ClInclude Include="includes\base\sdl2\vbasei.hh">
      <Filter>Header Files</Filter>
    </ClInclude>
    <ClInclude Include="includes\game\box.hh">
      <Filter>Header Files</Filter>
    </ClInclude>
    <ClInclude Include="includes\game\game.hh">
      <Filter>Header Files</Filter>
    </ClInclude>
    <ClInclude Include="includes\game\gamemsg.hh">
      <Filter>Header Files</Filter>
    </ClInclude>
    <ClInclude Include="includes\game\object.hh">
      <Filter>Header Files</Filter>
    </ClInclude>
    <ClInclude Include="includes\game\objects.hh">
      <Filter>Header Files</Filter>
    </ClInclude>
    <ClInclude Include="includes\game\player.hh">
      <Filter>Header Files</Filter>
    </ClInclude>
    <ClInclude Include="includes\game\sections.hh">
      <Filter>Header Files</Filter>
    </ClInclude>
    <ClInclude Include="includes\game\stage.hh">
      <Filter>Header Files</Filter>
    </ClInclude>
    <ClInclude Include="includes\game\world.hh">
      <Filter>Header Files</Filter>
    </ClInclude>
    <ClInclude Include="includes\secure.hh">
      <Filter>Header Files</Filter>
    </ClInclude>
    <ClInclude Include="includes\game\enemy.hh">
      <Filter>Header Files</Filter>
    </ClInclude>
    <ClInclude Include="includes\game\bullet.hh">
      <Filter>Header Files</Filter>
    </ClInclude>
    <ClInclude Include="includes\game\explode.hh">
      <Filter>Header Files</Filter>
    </ClInclude>
    <ClInclude Include="includes\game\pbullet.hh">
      <Filter>Header Files</Filter>
    </ClInclude>
    <ClInclude Include="includes\game\script.hh">
      <Filter>Header Files</Filter>
    </ClInclude>
    <ClInclude Include="includes\game\checkpnt.hh">
      <Filter>Header Files</Filter>
    </ClInclude>
    <ClInclude Include="includes\game\stageend.hh">
      <Filter>Header Files</Filter>
    </ClInclude>
    <ClInclude Include="includes\scores.hh">
      <Filter>Header Files</Filter>
    </ClInclude>
    <ClInclude Include="includes\mstream.hh">
      <Filter>Header Files</Filter>
    </ClInclude>
    <ClInclude Include="includes\game\enemy\all.hh">
      <Filter>Header Files</Filter>
    </ClInclude>
    <ClInclude Include="includes\game\enemy\shard.hh">
      <Filter>Header Files</Filter>
    </ClInclude>
    <ClInclude Include="includes\game\setspeed.hh">
      <Filter>Header Files</Filter>
    </ClInclude>
    <ClInclude Include="includes\game\enemy\gunboat.hh">
      <Filter>Header Files</Filter>
    </ClInclude>
    <ClInclude Include="includes\random.hh">
      <Filter>Header Files</Filter>
    </ClInclude>
    <ClInclude Include="includes\game\ebullet.hh">
      <Filter>Header Files</Filter>
    </ClInclude>
    <ClInclude Include="includes\game\diffic.hh">
      <Filter>Header Files</Filter>
    </ClInclude>
    <ClInclude Include="includes\game\obstacle.hh">
      <Filter>Header Files</Filter>
    </ClInclude>
    <ClInclude Include="includes\game\enemy\volcano.hh">
      <Filter>Header Files</Filter>
    </ClInclude>
    <ClInclude Include="includes\game\enemy\chevron.hh">
      <Filter>Header Files</Filter>
    </ClInclude>
    <ClInclude Include="includes\game\enemy\fighter.hh">
      <Filter>Header Files</Filter>
    </ClInclude>
    <ClInclude Include="includes\game\enemy\wave.hh">
      <Filter>Header Files</Filter>
    </ClInclude>
    <ClInclude Include="includes\game\enemy\turret.hh">
      <Filter>Header Files</Filter>
    </ClInclude>
    <ClInclude Include="includes\game\sbox.hh">
      <Filter>Header Files</Filter>
    </ClInclude>
    <ClInclude Include="includes\menu\menuhigh.hh">
      <Filter>Header Files</Filter>
    </ClInclude>
    <ClInclude Include="Resources\resource.h">
      <Filter>Header Files</Filter>
    </ClInclude>
    <ClInclude Include="includes\game\enemy\boss1.hh">
      <Filter>Header Files</Filter>
    </ClInclude>
    <ClInclude Include="includes\game\enemy\boss0.hh">
      <Filter>Header Files</Filter>
    </ClInclude>
    <ClInclude Include="includes\menu\menuyn.hh">
      <Filter>Header Files</Filter>
    </ClInclude>
    <ClInclude Include="includes\game\nameentr.hh">
      <Filter>Header Files</Filter>
    </ClInclude>
    <ClInclude Include="includes\sort.hh">
      <Filter>Header Files</Filter>
    </ClInclude>
    <ClInclude Include="includes\menu\menugame.hh">
      <Filter>Header Files</Filter>
    </ClInclude>
    <ClInclude Include="includes\menu\menuvid.hh">
      <Filter>Header Files</Filter>
    </ClInclude>
    <ClInclude Include="includes\gconfig.hh">
      <Filter>Header Files</Filter>
    </ClInclude>
    <ClInclude Include="includes\menu\menuhelp.hh">
      <Filter>Header Files</Filter>
    </ClInclude>
    <ClInclude Include="includes\game\enemy\walker.hh">
      <Filter>Header Files</Filter>
    </ClInclude>
    <ClInclude Include="includes\game\enemy\spider.hh">
      <Filter>Header Files</Filter>
    </ClInclude>
    <ClInclude Include="includes\game\enemy\gunboat2.hh">
      <Filter>Header Files</Filter>
    </ClInclude>
    <ClInclude Include="includes\game\mbox.hh">
      <Filter>Header Files</Filter>
    </ClInclude>
    <ClInclude Include="includes\game\enemy\wasp.hh">
      <Filter>Header Files</Filter>
    </ClInclude>
    <ClInclude Include="includes\game\enemy\rammer.hh">
      <Filter>Header Files</Filter>
    </ClInclude>
    <ClInclude Include="includes\game\enemy\boss2.hh">
      <Filter>Header Files</Filter>
    </ClInclude>
    <ClInclude Include="includes\game\enemy\boss3.hh">
      <Filter>Header Files</Filter>
    </ClInclude>
    <ClInclude Include="includes\game\emissile.hh">
      <Filter>Header Files</Filter>
    </ClInclude>
    <ClInclude Include="includes\game\enemy\boss4.hh">
      <Filter>Header Files</Filter>
    </ClInclude>
    <ClInclude Include="includes\game\enemy\boss5.hh">
      <Filter>Header Files</Filter>
    </ClInclude>
    <ClInclude Include="includes\game\enemy\destroyer.hh">
      <Filter>Header Files</Filter>
    </ClInclude>
    <ClInclude Include="includes\game\enemy\orbiter.hh">
      <Filter>Header Files</Filter>
    </ClInclude>
    <ClInclude Include="includes\game\enemy\bouncer.hh">
      <Filter>Header Files</Filter>
    </ClInclude>
    <ClInclude Include="includes\game\enemy\wturret.hh">
      <Filter>Header Files</Filter>
    </ClInclude>
    <ClInclude Include="includes\game\enemy\launcher.hh">
      <Filter>Header Files</Filter>
    </ClInclude>
    <ClInclude Include="includes\game\enemy\sturret.hh">
      <Filter>Header Files</Filter>
    </ClInclude>
    <ClInclude Include="includes\game\enemy\pod.hh">
      <Filter>Header Files</Filter>
    </ClInclude>
    <ClInclude Include="includes\game\enemy\blocker.hh">
      <Filter>Header Files</Filter>
    </ClInclude>
    <ClInclude Include="includes\game\enemy\pewpew.hh">
      <Filter>Header Files</Filter>
    </ClInclude>
    <ClInclude Include="includes\game\enemy\boss6.hh">
      <Filter>Header Files</Filter>
    </ClInclude>
    <ClInclude Include="includes\game\enemy\boss7.hh">
      <Filter>Header Files</Filter>
    </ClInclude>
    <ClInclude Include="includes\game\gameend.hh">
      <Filter>Header Files</Filter>
    </ClInclude>
  </ItemGroup>
  <ItemGroup>
    <None Include="src\base\Makefile.inc">
      <Filter>Header Files</Filter>
    </None>
    <None Include="src\base\sdl2\Makefile.inc">
      <Filter>Header Files</Filter>
    </None>
    <None Include="src\game\Makefile.inc">
      <Filter>Header Files</Filter>
    </None>
    <None Include="src\main\Makefile.inc">
      <Filter>Header Files</Filter>
    </None>
    <None Include="src\menu\Makefile.inc">
      <Filter>Header Files</Filter>
    </None>
    <None Include="src\render\Makefile.inc">
      <Filter>Header Files</Filter>
    </None>
  </ItemGroup>
  <ItemGroup>
    <Image Include="Resources\Icon.ico">
      <Filter>Resource Files</Filter>
    </Image>
  </ItemGroup>
  <ItemGroup>
    <ResourceCompile Include="Resources\Hiemalia.rc">
      <Filter>Resource Files</Filter>
    </ResourceCompile>
  </ItemGroup>
</Project>